
Microsoft Visual Studio Solution File, Format Version 12.00
# Visual Studio Version 16
VisualStudioVersion = 16.0.31829.152
MinimumVisualStudioVersion = 10.0.40219.1
Project("{FAE04EC0-301F-11D3-BF4B-00C04F79EFBC}") = "Calculator", "Calculator.csproj", "{4D805DCF-3654-48A8-8CE6-7523A00BFED3}"
EndProject
Global
	GlobalSection(SolutionConfigurationPlatforms) = preSolution
		Debug|Any CPU = Debug|Any CPU
		Release|Any CPU = Release|Any CPU
	EndGlobalSection
	GlobalSection(ProjectConfigurationPlatforms) = postSolution
		{4D805DCF-3654-48A8-8CE6-7523A00BFED3}.Debug|Any CPU.ActiveCfg = Debug|Any CPU
		{4D805DCF-3654-48A8-8CE6-7523A00BFED3}.Debug|Any CPU.Build.0 = Debug|Any CPU
		{4D805DCF-3654-48A8-8CE6-7523A00BFED3}.Release|Any CPU.ActiveCfg = Release|Any CPU
		{4D805DCF-3654-48A8-8CE6-7523A00BFED3}.Release|Any CPU.Build.0 = Release|Any CPU
	EndGlobalSection
	GlobalSection(SolutionProperties) = preSolution
		HideSolutionNode = FALSE
	EndGlobalSection
	GlobalSection(ExtensibilityGlobals) = postSolution
		SolutionGuid = {1241F3F7-5C87-49CC-A11C-20828B19D727}
	EndGlobalSection
EndGlobal
